// !$*UTF8*$!
{
	archiveVersion = 1;
	classes = {
	};
	objectVersion = 50;
	objects = {

/* Begin PBXBuildFile section */
		ED336283241200190037331E /* AppDelegate.swift in Sources */ = {isa = PBXBuildFile; fileRef = ED336282241200190037331E /* AppDelegate.swift */; };
		ED336285241200190037331E /* SceneDelegate.swift in Sources */ = {isa = PBXBuildFile; fileRef = ED336284241200190037331E /* SceneDelegate.swift */; };
		ED336287241200190037331E /* StartViewController.swift in Sources */ = {isa = PBXBuildFile; fileRef = ED336286241200190037331E /* StartViewController.swift */; };
		ED33628A241200190037331E /* Main.storyboard in Resources */ = {isa = PBXBuildFile; fileRef = ED336288241200190037331E /* Main.storyboard */; };
		ED33628C2412001F0037331E /* Assets.xcassets in Resources */ = {isa = PBXBuildFile; fileRef = ED33628B2412001F0037331E /* Assets.xcassets */; };
		ED33628F2412001F0037331E /* LaunchScreen.storyboard in Resources */ = {isa = PBXBuildFile; fileRef = ED33628D2412001F0037331E /* LaunchScreen.storyboard */; };
		EDC3433224161796001307A2 /* PrelabViewController.swift in Sources */ = {isa = PBXBuildFile; fileRef = EDC3433124161796001307A2 /* PrelabViewController.swift */; };
		EDF2A42724165E0F00FBD571 /* PrelabRunViewController.swift in Sources */ = {isa = PBXBuildFile; fileRef = EDF2A42624165E0F00FBD571 /* PrelabRunViewController.swift */; };
/* End PBXBuildFile section */

/* Begin PBXFileReference section */
		ED33627F241200190037331E /* Reading_Tracking_Analyzing_iOS.app */ = {isa = PBXFileReference; explicitFileType = wrapper.application; includeInIndex = 0; path = Reading_Tracking_Analyzing_iOS.app; sourceTree = BUILT_PRODUCTS_DIR; };
		ED336282241200190037331E /* AppDelegate.swift */ = {isa = PBXFileReference; lastKnownFileType = sourcecode.swift; path = AppDelegate.swift; sourceTree = "<group>"; };
		ED336284241200190037331E /* SceneDelegate.swift */ = {isa = PBXFileReference; lastKnownFileType = sourcecode.swift; path = SceneDelegate.swift; sourceTree = "<group>"; };
		ED336286241200190037331E /* StartViewController.swift */ = {isa = PBXFileReference; lastKnownFileType = sourcecode.swift; path = StartViewController.swift; sourceTree = "<group>"; };
		ED336289241200190037331E /* Base */ = {isa = PBXFileReference; lastKnownFileType = file.storyboard; name = Base; path = Base.lproj/Main.storyboard; sourceTree = "<group>"; };
		ED33628B2412001F0037331E /* Assets.xcassets */ = {isa = PBXFileReference; lastKnownFileType = folder.assetcatalog; path = Assets.xcassets; sourceTree = "<group>"; };
		ED33628E2412001F0037331E /* Base */ = {isa = PBXFileReference; lastKnownFileType = file.storyboard; name = Base; path = Base.lproj/LaunchScreen.storyboard; sourceTree = "<group>"; };
		ED3362902412001F0037331E /* Info.plist */ = {isa = PBXFileReference; lastKnownFileType = text.plist.xml; path = Info.plist; sourceTree = "<group>"; };
		EDC3433124161796001307A2 /* PrelabViewController.swift */ = {isa = PBXFileReference; lastKnownFileType = sourcecode.swift; path = PrelabViewController.swift; sourceTree = "<group>"; };
		EDF2A42624165E0F00FBD571 /* PrelabRunViewController.swift */ = {isa = PBXFileReference; lastKnownFileType = sourcecode.swift; path = PrelabRunViewController.swift; sourceTree = "<group>"; };
/* End PBXFileReference section */

/* Begin PBXFrameworksBuildPhase section */
		ED33627C241200190037331E /* Frameworks */ = {
			isa = PBXFrameworksBuildPhase;
			buildActionMask = 2147483647;
			files = (
			);
			runOnlyForDeploymentPostprocessing = 0;
		};
/* End PBXFrameworksBuildPhase section */

/* Begin PBXGroup section */
		ED336276241200190037331E = {
			isa = PBXGroup;
			children = (
				ED336281241200190037331E /* Reading_Tracking_Analyzing_iOS */,
				ED336280241200190037331E /* Products */,
			);
			sourceTree = "<group>";
		};
		ED336280241200190037331E /* Products */ = {
			isa = PBXGroup;
			children = (
				ED33627F241200190037331E /* Reading_Tracking_Analyzing_iOS.app */,
			);
			name = Products;
			sourceTree = "<group>";
		};
		ED336281241200190037331E /* Reading_Tracking_Analyzing_iOS */ = {
			isa = PBXGroup;
			children = (
				ED336282241200190037331E /* AppDelegate.swift */,
				ED336284241200190037331E /* SceneDelegate.swift */,
				ED336286241200190037331E /* StartViewController.swift */,
				EDC3433124161796001307A2 /* PrelabViewController.swift */,
				EDF2A42624165E0F00FBD571 /* PrelabRunViewController.swift */,
				ED336288241200190037331E /* Main.storyboard */,
				ED33628B2412001F0037331E /* Assets.xcassets */,
				ED33628D2412001F0037331E /* LaunchScreen.storyboard */,
				ED3362902412001F0037331E /* Info.plist */,
			);
			path = Reading_Tracking_Analyzing_iOS;
			sourceTree = "<group>";
		};
/* End PBXGroup section */

/* Begin PBXNativeTarget section */
		ED33627E241200190037331E /* Reading_Tracking_Analyzing_iOS */ = {
			isa = PBXNativeTarget;
			buildConfigurationList = ED3362932412001F0037331E /* Build configuration list for PBXNativeTarget "Reading_Tracking_Analyzing_iOS" */;
			buildPhases = (
				ED33627B241200190037331E /* Sources */,
				ED33627C241200190037331E /* Frameworks */,
				ED33627D241200190037331E /* Resources */,
			);
			buildRules = (
			);
			dependencies = (
			);
			name = Reading_Tracking_Analyzing_iOS;
			productName = Reading_Tracking_Analyzing_iOS;
			productReference = ED33627F241200190037331E /* Reading_Tracking_Analyzing_iOS.app */;
			productType = "com.apple.product-type.application";
		};
/* End PBXNativeTarget section */

/* Begin PBXProject section */
		ED336277241200190037331E /* Project object */ = {
			isa = PBXProject;
			attributes = {
				LastSwiftUpdateCheck = 1130;
				LastUpgradeCheck = 1130;
				ORGANIZATIONNAME = "Xiuge Chen";
				TargetAttributes = {
					ED33627E241200190037331E = {
						CreatedOnToolsVersion = 11.3.1;
					};
				};
			};
			buildConfigurationList = ED33627A241200190037331E /* Build configuration list for PBXProject "Reading_Tracking_Analyzing_iOS" */;
			compatibilityVersion = "Xcode 9.3";
			developmentRegion = en;
			hasScannedForEncodings = 0;
			knownRegions = (
				en,
				Base,
			);
			mainGroup = ED336276241200190037331E;
			productRefGroup = ED336280241200190037331E /* Products */;
			projectDirPath = "";
			projectRoot = "";
			targets = (
				ED33627E241200190037331E /* Reading_Tracking_Analyzing_iOS */,
			);
		};
/* End PBXProject section */

/* Begin PBXResourcesBuildPhase section */
		ED33627D241200190037331E /* Resources */ = {
			isa = PBXResourcesBuildPhase;
			buildActionMask = 2147483647;
			files = (
				ED33628F2412001F0037331E /* LaunchScreen.storyboard in Resources */,
				ED33628C2412001F0037331E /* Assets.xcassets in Resources */,
				ED33628A241200190037331E /* Main.storyboard in Resources */,
			);
			runOnlyForDeploymentPostprocessing = 0;
		};
/* End PBXResourcesBuildPhase section */

/* Begin PBXSourcesBuildPhase section */
		ED33627B241200190037331E /* Sources */ = {
			isa = PBXSourcesBuildPhase;
			buildActionMask = 2147483647;
			files = (
				ED336287241200190037331E /* StartViewController.swift in Sources */,
				ED336283241200190037331E /* AppDelegate.swift in Sources */,
				EDC3433224161796001307A2 /* PrelabViewController.swift in Sources */,
				ED336285241200190037331E /* SceneDelegate.swift in Sources */,
				EDF2A42724165E0F00FBD571 /* PrelabRunViewController.swift in Sources */,
			);
			runOnlyForDeploymentPostprocessing = 0;
		};
/* End PBXSourcesBuildPhase section */

/* Begin PBXVariantGroup section */
		ED336288241200190037331E /* Main.storyboard */ = {
			isa = PBXVariantGroup;
			children = (
				ED336289241200190037331E /* Base */,
			);
			name = Main.storyboard;
			sourceTree = "<group>";
		};
		ED33628D2412001F0037331E /* LaunchScreen.storyboard */ = {
			isa = PBXVariantGroup;
			children = (
				ED33628E2412001F0037331E /* Base */,
			);
			name = LaunchScreen.storyboard;
			sourceTree = "<group>";
		};
/* End PBXVariantGroup section */

/* Begin XCBuildConfiguration section */
		ED3362912412001F0037331E /* Debug */ = {
			isa = XCBuildConfiguration;
			buildSettings = {
				ALWAYS_SEARCH_USER_PATHS = NO;
				CLANG_ANALYZER_NONNULL = YES;
				CLANG_ANALYZER_NUMBER_OBJECT_CONVERSION = YES_AGGRESSIVE;
				CLANG_CXX_LANGUAGE_STANDARD = "gnu++14";
				CLANG_CXX_LIBRARY = "libc++";
				CLANG_ENABLE_MODULES = YES;
				CLANG_ENABLE_OBJC_ARC = YES;
				CLANG_ENABLE_OBJC_WEAK = YES;
				CLANG_WARN_BLOCK_CAPTURE_AUTORELEASING = YES;
				CLANG_WARN_BOOL_CONVERSION = YES;
				CLANG_WARN_COMMA = YES;
				CLANG_WARN_CONSTANT_CONVERSION = YES;
				CLANG_WARN_DEPRECATED_OBJC_IMPLEMENTATIONS = YES;
				CLANG_WARN_DIRECT_OBJC_ISA_USAGE = YES_ERROR;
				CLANG_WARN_DOCUMENTATION_COMMENTS = YES;
				CLANG_WARN_EMPTY_BODY = YES;
				CLANG_WARN_ENUM_CONVERSION = YES;
				CLANG_WARN_INFINITE_RECURSION = YES;
				CLANG_WARN_INT_CONVERSION = YES;
				CLANG_WARN_NON_LITERAL_NULL_CONVERSION = YES;
				CLANG_WARN_OBJC_IMPLICIT_RETAIN_SELF = YES;
				CLANG_WARN_OBJC_LITERAL_CONVERSION = YES;
				CLANG_WARN_OBJC_ROOT_CLASS = YES_ERROR;
				CLANG_WARN_RANGE_LOOP_ANALYSIS = YES;
				CLANG_WARN_STRICT_PROTOTYPES = YES;
				CLANG_WARN_SUSPICIOUS_MOVE = YES;
				CLANG_WARN_UNGUARDED_AVAILABILITY = YES_AGGRESSIVE;
				CLANG_WARN_UNREACHABLE_CODE = YES;
				CLANG_WARN__DUPLICATE_METHOD_MATCH = YES;
				COPY_PHASE_STRIP = NO;
				DEBUG_INFORMATION_FORMAT = dwarf;
				ENABLE_STRICT_OBJC_MSGSEND = YES;
				ENABLE_TESTABILITY = YES;
				GCC_C_LANGUAGE_STANDARD = gnu11;
				GCC_DYNAMIC_NO_PIC = NO;
				GCC_NO_COMMON_BLOCKS = YES;
				GCC_OPTIMIZATION_LEVEL = 0;
				GCC_PREPROCESSOR_DEFINITIONS = (
					"DEBUG=1",
					"$(inherited)",
				);
				GCC_WARN_64_TO_32_BIT_CONVERSION = YES;
				GCC_WARN_ABOUT_RETURN_TYPE = YES_ERROR;
				GCC_WARN_UNDECLARED_SELECTOR = YES;
				GCC_WARN_UNINITIALIZED_AUTOS = YES_AGGRESSIVE;
				GCC_WARN_UNUSED_FUNCTION = YES;
				GCC_WARN_UNUSED_VARIABLE = YES;
				IPHONEOS_DEPLOYMENT_TARGET = 13.2;
				MTL_ENABLE_DEBUG_INFO = INCLUDE_SOURCE;
				MTL_FAST_MATH = YES;
				ONLY_ACTIVE_ARCH = YES;
				SDKROOT = iphoneos;
				SWIFT_ACTIVE_COMPILATION_CONDITIONS = DEBUG;
				SWIFT_OPTIMIZATION_LEVEL = "-Onone";
			};
			name = Debug;
		};
		ED3362922412001F0037331E /* Release */ = {
			isa = XCBuildConfiguration;
			buildSettings = {
				ALWAYS_SEARCH_USER_PATHS = NO;
				CLANG_ANALYZER_NONNULL = YES;
				CLANG_ANALYZER_NUMBER_OBJECT_CONVERSION = YES_AGGRESSIVE;
				CLANG_CXX_LANGUAGE_STANDARD = "gnu++14";
				CLANG_CXX_LIBRARY = "libc++";
				CLANG_ENABLE_MODULES = YES;
				CLANG_ENABLE_OBJC_ARC = YES;
				CLANG_ENABLE_OBJC_WEAK = YES;
				CLANG_WARN_BLOCK_CAPTURE_AUTORELEASING = YES;
				CLANG_WARN_BOOL_CONVERSION = YES;
				CLANG_WARN_COMMA = YES;
				CLANG_WARN_CONSTANT_CONVERSION = YES;
				CLANG_WARN_DEPRECATED_OBJC_IMPLEMENTATIONS = YES;
				CLANG_WARN_DIRECT_OBJC_ISA_USAGE = YES_ERROR;
				CLANG_WARN_DOCUMENTATION_COMMENTS = YES;
				CLANG_WARN_EMPTY_BODY = YES;
				CLANG_WARN_ENUM_CONVERSION = YES;
				CLANG_WARN_INFINITE_RECURSION = YES;
				CLANG_WARN_INT_CONVERSION = YES;
				CLANG_WARN_NON_LITERAL_NULL_CONVERSION = YES;
				CLANG_WARN_OBJC_IMPLICIT_RETAIN_SELF = YES;
				CLANG_WARN_OBJC_LITERAL_CONVERSION = YES;
				CLANG_WARN_OBJC_ROOT_CLASS = YES_ERROR;
				CLANG_WARN_RANGE_LOOP_ANALYSIS = YES;
				CLANG_WARN_STRICT_PROTOTYPES = YES;
				CLANG_WARN_SUSPICIOUS_MOVE = YES;
				CLANG_WARN_UNGUARDED_AVAILABILITY = YES_AGGRESSIVE;
				CLANG_WARN_UNREACHABLE_CODE = YES;
				CLANG_WARN__DUPLICATE_METHOD_MATCH = YES;
				COPY_PHASE_STRIP = NO;
				DEBUG_INFORMATION_FORMAT = "dwarf-with-dsym";
				ENABLE_NS_ASSERTIONS = NO;
				ENABLE_STRICT_OBJC_MSGSEND = YES;
				GCC_C_LANGUAGE_STANDARD = gnu11;
				GCC_NO_COMMON_BLOCKS = YES;
				GCC_WARN_64_TO_32_BIT_CONVERSION = YES;
				GCC_WARN_ABOUT_RETURN_TYPE = YES_ERROR;
				GCC_WARN_UNDECLARED_SELECTOR = YES;
				GCC_WARN_UNINITIALIZED_AUTOS = YES_AGGRESSIVE;
				GCC_WARN_UNUSED_FUNCTION = YES;
				GCC_WARN_UNUSED_VARIABLE = YES;
				IPHONEOS_DEPLOYMENT_TARGET = 13.2;
				MTL_ENABLE_DEBUG_INFO = NO;
				MTL_FAST_MATH = YES;
				SDKROOT = iphoneos;
				SWIFT_COMPILATION_MODE = wholemodule;
				SWIFT_OPTIMIZATION_LEVEL = "-O";
				VALIDATE_PRODUCT = YES;
			};
			name = Release;
		};
		ED3362942412001F0037331E /* Debug */ = {
			isa = XCBuildConfiguration;
			buildSettings = {
				ASSETCATALOG_COMPILER_APPICON_NAME = AppIcon;
				CODE_SIGN_STYLE = Automatic;
				DEVELOPMENT_TEAM = 6R7KLNH2N5;
				INFOPLIST_FILE = Reading_Tracking_Analyzing_iOS/Info.plist;
				LD_RUNPATH_SEARCH_PATHS = (
					"$(inherited)",
					"@executable_path/Frameworks",
				);
				PRODUCT_BUNDLE_IDENTIFIER = "l.Reading-Tracking-Analyzing-iOS";
				PRODUCT_NAME = "$(TARGET_NAME)";
				SWIFT_VERSION = 5.0;
				TARGETED_DEVICE_FAMILY = "1,2";
			};
			name = Debug;
		};
		ED3362952412001F0037331E /* Release */ = {
			isa = XCBuildConfiguration;
			buildSettings = {
				ASSETCATALOG_COMPILER_APPICON_NAME = AppIcon;
				CODE_SIGN_STYLE = Automatic;
				DEVELOPMENT_TEAM = 6R7KLNH2N5;
				INFOPLIST_FILE = Reading_Tracking_Analyzing_iOS/Info.plist;
				LD_RUNPATH_SEARCH_PATHS = (
					"$(inherited)",
					"@executable_path/Frameworks",
				);
				PRODUCT_BUNDLE_IDENTIFIER = "l.Reading-Tracking-Analyzing-iOS";
				PRODUCT_NAME = "$(TARGET_NAME)";
				SWIFT_VERSION = 5.0;
				TARGETED_DEVICE_FAMILY = "1,2";
			};
			name = Release;
		};
/* End XCBuildConfiguration section */

/* Begin XCConfigurationList section */
		ED33627A241200190037331E /* Build configuration list for PBXProject "Reading_Tracking_Analyzing_iOS" */ = {
			isa = XCConfigurationList;
			buildConfigurations = (
				ED3362912412001F0037331E /* Debug */,
				ED3362922412001F0037331E /* Release */,
			);
			defaultConfigurationIsVisible = 0;
			defaultConfigurationName = Release;
		};
		ED3362932412001F0037331E /* Build configuration list for PBXNativeTarget "Reading_Tracking_Analyzing_iOS" */ = {
			isa = XCConfigurationList;
			buildConfigurations = (
				ED3362942412001F0037331E /* Debug */,
				ED3362952412001F0037331E /* Release */,
			);
			defaultConfigurationIsVisible = 0;
			defaultConfigurationName = Release;
		};
/* End XCConfigurationList section */
	};
	rootObject = ED336277241200190037331E /* Project object */;
}
